
Microsoft Visual Studio Solution File, Format Version 12.00
# Visual Studio 15
VisualStudioVersion = 15.0.26730.16
MinimumVisualStudioVersion = 10.0.40219.1
Project("{8BC9CEB8-8B4A-11D0-8D11-00A0C91BC942}") = "AnimalChess", "AnimalChess\AnimalChess.vcxproj", "{368E88F3-8052-4116-9AC1-E719B09B3145}"
EndProject
Global
	GlobalSection(SolutionConfigurationPlatforms) = preSolution
		Debug|x64 = Debug|x64
		Debug|x86 = Debug|x86
		Release|x64 = Release|x64
		Release|x86 = Release|x86
	EndGlobalSection
	GlobalSection(ProjectConfigurationPlatforms) = postSolution
		{368E88F3-8052-4116-9AC1-E719B09B3145}.Debug|x64.ActiveCfg = Debug|x64
		{368E88F3-8052-4116-9AC1-E719B09B3145}.Debug|x64.Build.0 = Debug|x64
		{368E88F3-8052-4116-9AC1-E719B09B3145}.Debug|x86.ActiveCfg = Debug|Win32
		{368E88F3-8052-4116-9AC1-E719B09B3145}.Debug|x86.Build.0 = Debug|Win32
		{368E88F3-8052-4116-9AC1-E719B09B3145}.Release|x64.ActiveCfg = Release|x64
		{368E88F3-8052-4116-9AC1-E719B09B3145}.Release|x64.Build.0 = Release|x64
		{368E88F3-8052-4116-9AC1-E719B09B3145}.Release|x86.ActiveCfg = Release|Win32
		{368E88F3-8052-4116-9AC1-E719B09B3145}.Release|x86.Build.0 = Release|Win32
	EndGlobalSection
	GlobalSection(SolutionProperties) = preSolution
		HideSolutionNode = FALSE
	EndGlobalSection
	GlobalSection(ExtensibilityGlobals) = postSolution
		SolutionGuid = {A078A75B-0C01-4483-B554-3B67027A79B2}
	EndGlobalSection
EndGlobal
