<?xml version="1.0" encoding="utf-8"?>
<Project ToolsVersion="4.0" xmlns="http://schemas.microsoft.com/developer/msbuild/2003">
  <ItemGroup>
    <Filter Include="소스 파일">
      <UniqueIdentifier>{4FC737F1-C7A5-4376-A066-2A32D752A2FF}</UniqueIdentifier>
      <Extensions>cpp;c;cc;cxx;def;odl;idl;hpj;bat;asm;asmx</Extensions>
    </Filter>
    <Filter Include="헤더 파일">
      <UniqueIdentifier>{93995380-89BD-4b04-88EB-625FBE52EBFB}</UniqueIdentifier>
      <Extensions>h;hh;hpp;hxx;hm;inl;inc;xsd</Extensions>
    </Filter>
    <Filter Include="리소스 파일">
      <UniqueIdentifier>{67DA6AB6-F800-4c08-8B7A-83BB121AAD01}</UniqueIdentifier>
      <Extensions>rc;ico;cur;bmp;dlg;rc2;rct;bin;rgs;gif;jpg;jpeg;jpe;resx;tiff;tif;png;wav;mfcribbon-ms</Extensions>
    </Filter>
  </ItemGroup>
  <ItemGroup>
    <Text Include="ReadMe.txt" />
  </ItemGroup>
  <ItemGroup>
    <ClInclude Include="AnimalChess.h">
      <Filter>헤더 파일</Filter>
    </ClInclude>
    <ClInclude Include="AnimalChessDlg.h">
      <Filter>헤더 파일</Filter>
    </ClInclude>
    <ClInclude Include="stdafx.h">
      <Filter>헤더 파일</Filter>
    </ClInclude>
    <ClInclude Include="targetver.h">
      <Filter>헤더 파일</Filter>
    </ClInclude>
    <ClInclude Include="Resource.h">
      <Filter>헤더 파일</Filter>
    </ClInclude>
    <ClInclude Include="Unit.h">
      <Filter>헤더 파일</Filter>
    </ClInclude>
    <ClInclude Include="Tiger.h">
      <Filter>헤더 파일</Filter>
    </ClInclude>
    <ClInclude Include="Elephant.h">
      <Filter>헤더 파일</Filter>
    </ClInclude>
    <ClInclude Include="Kirin.h">
      <Filter>헤더 파일</Filter>
    </ClInclude>
    <ClInclude Include="Babychicken.h">
      <Filter>헤더 파일</Filter>
    </ClInclude>
    <ClInclude Include="Chicken.h">
      <Filter>헤더 파일</Filter>
    </ClInclude>
    <ClInclude Include="EnemyBabychicken.h">
      <Filter>헤더 파일</Filter>
    </ClInclude>
    <ClInclude Include="EnemyChicken.h">
      <Filter>헤더 파일</Filter>
    </ClInclude>
  </ItemGroup>
  <ItemGroup>
    <ClCompile Include="AnimalChess.cpp">
      <Filter>소스 파일</Filter>
    </ClCompile>
    <ClCompile Include="AnimalChessDlg.cpp">
      <Filter>소스 파일</Filter>
    </ClCompile>
    <ClCompile Include="stdafx.cpp">
      <Filter>소스 파일</Filter>
    </ClCompile>
    <ClCompile Include="Unit.cpp">
      <Filter>소스 파일</Filter>
    </ClCompile>
    <ClCompile Include="Tiger.cpp">
      <Filter>소스 파일</Filter>
    </ClCompile>
    <ClCompile Include="Elephant.cpp">
      <Filter>소스 파일</Filter>
    </ClCompile>
    <ClCompile Include="Kirin.cpp">
      <Filter>소스 파일</Filter>
    </ClCompile>
    <ClCompile Include="Babychicken.cpp">
      <Filter>소스 파일</Filter>
    </ClCompile>
    <ClCompile Include="Chicken.cpp">
      <Filter>소스 파일</Filter>
    </ClCompile>
    <ClCompile Include="EnemyBabychicken.cpp">
      <Filter>소스 파일</Filter>
    </ClCompile>
    <ClCompile Include="EnemyChicken.cpp">
      <Filter>소스 파일</Filter>
    </ClCompile>
  </ItemGroup>
  <ItemGroup>
    <ResourceCompile Include="AnimalChess.rc">
      <Filter>리소스 파일</Filter>
    </ResourceCompile>
  </ItemGroup>
  <ItemGroup>
    <None Include="res\AnimalChess.rc2">
      <Filter>리소스 파일</Filter>
    </None>
  </ItemGroup>
  <ItemGroup>
    <Image Include="res\AnimalChess.ico">
      <Filter>리소스 파일</Filter>
    </Image>
    <Image Include="res\bitmap1.bmp">
      <Filter>리소스 파일</Filter>
    </Image>
    <Image Include="res\bitmap2.bmp">
      <Filter>리소스 파일</Filter>
    </Image>
    <Image Include="res\bitmap3.bmp">
      <Filter>리소스 파일</Filter>
    </Image>
    <Image Include="..\..\..\..\Desktop\MFC\기말 프로젝트\이미지\ANIMALCHESS_BABYCHIKEN.bmp">
      <Filter>리소스 파일</Filter>
    </Image>
    <Image Include="..\..\..\..\Desktop\MFC\기말 프로젝트\이미지\ANIMALCHESS_CHIKEN.bmp">
      <Filter>리소스 파일</Filter>
    </Image>
    <Image Include="..\..\..\..\Desktop\MFC\기말 프로젝트\이미지\ANIMALCHESS_BOARD.bmp">
      <Filter>리소스 파일</Filter>
    </Image>
    <Image Include="..\..\..\..\Desktop\MFC\기말 프로젝트\이미지\ANIMALCHESS_ELEPHANT.bmp">
      <Filter>리소스 파일</Filter>
    </Image>
    <Image Include="..\..\..\..\Desktop\MFC\기말 프로젝트\이미지\ANIMALCHESS_KIRIN.bmp">
      <Filter>리소스 파일</Filter>
    </Image>
    <Image Include="..\..\..\..\Desktop\MFC\기말 프로젝트\이미지\ANIMALCHESS_TIGER.bmp">
      <Filter>리소스 파일</Filter>
    </Image>
    <Image Include="..\..\..\..\Desktop\MFC\기말 프로젝트\이미지\ANIMALCHESS_BABYCHICKEN.bmp">
      <Filter>리소스 파일</Filter>
    </Image>
    <Image Include="..\..\..\..\Desktop\MFC\기말 프로젝트\이미지\ANIMALCHESS_CHICKEN.bmp">
      <Filter>리소스 파일</Filter>
    </Image>
    <Image Include="res\ANIMALCHESS_ENEMYBABYCHICKEN.bmp">
      <Filter>리소스 파일</Filter>
    </Image>
    <Image Include="res\ANIMALCHESS_ENEMYCHICKEN.bmp">
      <Filter>리소스 파일</Filter>
    </Image>
    <Image Include="res\ANIMALCHESS_ENEMYKIRIN.bmp">
      <Filter>리소스 파일</Filter>
    </Image>
    <Image Include="res\ANIMALCHESS_ENEMYTIGER.bmp">
      <Filter>리소스 파일</Filter>
    </Image>
    <Image Include="res\ANIMALCHESS_MENYELEPHANT.bmp">
      <Filter>리소스 파일</Filter>
    </Image>
    <Image Include="res\ANIMALCHESS_BOARD.bmp">
      <Filter>리소스 파일</Filter>
    </Image>
    <Image Include="res\ANIMALCHESS_BABYCHICKEN.bmp">
      <Filter>리소스 파일</Filter>
    </Image>
    <Image Include="res\ANIMALCHESS_CHICKEN.bmp">
      <Filter>리소스 파일</Filter>
    </Image>
    <Image Include="res\ANIMALCHESS_ELEPHANT.bmp">
      <Filter>리소스 파일</Filter>
    </Image>
    <Image Include="res\ANIMALCHESS_KIRIN.bmp">
      <Filter>리소스 파일</Filter>
    </Image>
    <Image Include="res\ANIMALCHESS_TIGER.bmp">
      <Filter>리소스 파일</Filter>
    </Image>
    <Image Include="res\ANIMALCHESS_HALFBUM.bmp">
      <Filter>리소스 파일</Filter>
    </Image>
  </ItemGroup>
</Project>